Microsoft Visual Studio Solution File, Format Version 11.00
# Visual Studio 2010
Project("{8BC9CEB8-8B4A-11D0-8D11-00A0C91BC942}") = "ALL_BUILD", "ALL_BUILD.vcxproj", "{A63ABCA6-122F-48DC-9931-A843A0D1E0E8}"
	ProjectSection(ProjectDependencies) = postProject
		{97E2C9A5-51E9-4A25-BC28-A134951591E4} = {97E2C9A5-51E9-4A25-BC28-A134951591E4}
		{A4676357-30F1-4291-A180-5D289A53DC5E} = {A4676357-30F1-4291-A180-5D289A53DC5E}
		{90D1E21D-B586-4C59-8282-8576850FEB11} = {90D1E21D-B586-4C59-8282-8576850FEB11}
		{810FF621-E75C-4D0A-86AE-3076B7ECD81D} = {810FF621-E75C-4D0A-86AE-3076B7ECD81D}
		{01D4C581-8FA1-4940-93DF-80050FBEE4F0} = {01D4C581-8FA1-4940-93DF-80050FBEE4F0}
		{05DE3D47-E0D0-421D-B9AA-5636C331B07C} = {05DE3D47-E0D0-421D-B9AA-5636C331B07C}
		{45C08B52-F2CD-4D01-88F1-4B9EEC1C20F7} = {45C08B52-F2CD-4D01-88F1-4B9EEC1C20F7}
		{14527581-A8E4-4589-845C-892CAE9DDB2A} = {14527581-A8E4-4589-845C-892CAE9DDB2A}
		{BA6CC808-37AD-47E0-955C-8408FCE778BD} = {BA6CC808-37AD-47E0-955C-8408FCE778BD}
		{F523B59E-98C3-4AB6-AFDE-05818E7B3D1F} = {F523B59E-98C3-4AB6-AFDE-05818E7B3D1F}
		{790FC6DC-D939-4523-BF63-57757D16FC58} = {790FC6DC-D939-4523-BF63-57757D16FC58}
		{62600E99-5FAE-4563-96CF-EF67CE91D2DA} = {62600E99-5FAE-4563-96CF-EF67CE91D2DA}
	EndProjectSection
EndProject
Project("{8BC9CEB8-8B4A-11D0-8D11-00A0C91BC942}") = "ZERO_CHECK", "ZERO_CHECK.vcxproj", "{97E2C9A5-51E9-4A25-BC28-A134951591E4}"
	ProjectSection(ProjectDependencies) = postProject
	EndProjectSection
EndProject
Project("{8BC9CEB8-8B4A-11D0-8D11-00A0C91BC942}") = "latency", "pm_test\latency.vcxproj", "{A4676357-30F1-4291-A180-5D289A53DC5E}"
	ProjectSection(ProjectDependencies) = postProject
		{97E2C9A5-51E9-4A25-BC28-A134951591E4} = {97E2C9A5-51E9-4A25-BC28-A134951591E4}
		{BA6CC808-37AD-47E0-955C-8408FCE778BD} = {BA6CC808-37AD-47E0-955C-8408FCE778BD}
	EndProjectSection
EndProject
Project("{8BC9CEB8-8B4A-11D0-8D11-00A0C91BC942}") = "midiclock", "pm_test\midiclock.vcxproj", "{90D1E21D-B586-4C59-8282-8576850FEB11}"
	ProjectSection(ProjectDependencies) = postProject
		{97E2C9A5-51E9-4A25-BC28-A134951591E4} = {97E2C9A5-51E9-4A25-BC28-A134951591E4}
		{BA6CC808-37AD-47E0-955C-8408FCE778BD} = {BA6CC808-37AD-47E0-955C-8408FCE778BD}
	EndProjectSection
EndProject
Project("{8BC9CEB8-8B4A-11D0-8D11-00A0C91BC942}") = "midithread", "pm_test\midithread.vcxproj", "{810FF621-E75C-4D0A-86AE-3076B7ECD81D}"
	ProjectSection(ProjectDependencies) = postProject
		{97E2C9A5-51E9-4A25-BC28-A134951591E4} = {97E2C9A5-51E9-4A25-BC28-A134951591E4}
		{BA6CC808-37AD-47E0-955C-8408FCE778BD} = {BA6CC808-37AD-47E0-955C-8408FCE778BD}
	EndProjectSection
EndProject
Project("{8BC9CEB8-8B4A-11D0-8D11-00A0C91BC942}") = "midithru", "pm_test\midithru.vcxproj", "{01D4C581-8FA1-4940-93DF-80050FBEE4F0}"
	ProjectSection(ProjectDependencies) = postProject
		{97E2C9A5-51E9-4A25-BC28-A134951591E4} = {97E2C9A5-51E9-4A25-BC28-A134951591E4}
		{BA6CC808-37AD-47E0-955C-8408FCE778BD} = {BA6CC808-37AD-47E0-955C-8408FCE778BD}
	EndProjectSection
EndProject
Project("{8BC9CEB8-8B4A-11D0-8D11-00A0C91BC942}") = "mm", "pm_test\mm.vcxproj", "{05DE3D47-E0D0-421D-B9AA-5636C331B07C}"
	ProjectSection(ProjectDependencies) = postProject
		{97E2C9A5-51E9-4A25-BC28-A134951591E4} = {97E2C9A5-51E9-4A25-BC28-A134951591E4}
		{BA6CC808-37AD-47E0-955C-8408FCE778BD} = {BA6CC808-37AD-47E0-955C-8408FCE778BD}
	EndProjectSection
EndProject
Project("{8BC9CEB8-8B4A-11D0-8D11-00A0C91BC942}") = "pmjni", "pm_common\pmjni.vcxproj", "{45C08B52-F2CD-4D01-88F1-4B9EEC1C20F7}"
	ProjectSection(ProjectDependencies) = postProject
		{97E2C9A5-51E9-4A25-BC28-A134951591E4} = {97E2C9A5-51E9-4A25-BC28-A134951591E4}
	EndProjectSection
EndProject
Project("{8BC9CEB8-8B4A-11D0-8D11-00A0C91BC942}") = "portmidi-dynamic", "pm_dylib\portmidi-dynamic.vcxproj", "{14527581-A8E4-4589-845C-892CAE9DDB2A}"
	ProjectSection(ProjectDependencies) = postProject
		{97E2C9A5-51E9-4A25-BC28-A134951591E4} = {97E2C9A5-51E9-4A25-BC28-A134951591E4}
	EndProjectSection
EndProject
Project("{8BC9CEB8-8B4A-11D0-8D11-00A0C91BC942}") = "portmidi-static", "pm_common\portmidi-static.vcxproj", "{BA6CC808-37AD-47E0-955C-8408FCE778BD}"
	ProjectSection(ProjectDependencies) = postProject
		{97E2C9A5-51E9-4A25-BC28-A134951591E4} = {97E2C9A5-51E9-4A25-BC28-A134951591E4}
	EndProjectSection
EndProject
Project("{8BC9CEB8-8B4A-11D0-8D11-00A0C91BC942}") = "qtest", "pm_test\qtest.vcxproj", "{F523B59E-98C3-4AB6-AFDE-05818E7B3D1F}"
	ProjectSection(ProjectDependencies) = postProject
		{97E2C9A5-51E9-4A25-BC28-A134951591E4} = {97E2C9A5-51E9-4A25-BC28-A134951591E4}
		{BA6CC808-37AD-47E0-955C-8408FCE778BD} = {BA6CC808-37AD-47E0-955C-8408FCE778BD}
	EndProjectSection
EndProject
Project("{8BC9CEB8-8B4A-11D0-8D11-00A0C91BC942}") = "sysex", "pm_test\sysex.vcxproj", "{790FC6DC-D939-4523-BF63-57757D16FC58}"
	ProjectSection(ProjectDependencies) = postProject
		{97E2C9A5-51E9-4A25-BC28-A134951591E4} = {97E2C9A5-51E9-4A25-BC28-A134951591E4}
		{BA6CC808-37AD-47E0-955C-8408FCE778BD} = {BA6CC808-37AD-47E0-955C-8408FCE778BD}
	EndProjectSection
EndProject
Project("{8BC9CEB8-8B4A-11D0-8D11-00A0C91BC942}") = "test", "pm_test\test.vcxproj", "{62600E99-5FAE-4563-96CF-EF67CE91D2DA}"
	ProjectSection(ProjectDependencies) = postProject
		{97E2C9A5-51E9-4A25-BC28-A134951591E4} = {97E2C9A5-51E9-4A25-BC28-A134951591E4}
		{BA6CC808-37AD-47E0-955C-8408FCE778BD} = {BA6CC808-37AD-47E0-955C-8408FCE778BD}
	EndProjectSection
EndProject
Global
	GlobalSection(SolutionConfigurationPlatforms) = preSolution
		Debug|Win32 = Debug|Win32
		Release|Win32 = Release|Win32
	EndGlobalSection
	GlobalSection(ProjectConfigurationPlatforms) = postSolution
		{A63ABCA6-122F-48DC-9931-A843A0D1E0E8}.Debug|Win32.ActiveCfg = Debug|Win32
		{A63ABCA6-122F-48DC-9931-A843A0D1E0E8}.Release|Win32.ActiveCfg = Release|Win32
		{97E2C9A5-51E9-4A25-BC28-A134951591E4}.Debug|Win32.ActiveCfg = Debug|Win32
		{97E2C9A5-51E9-4A25-BC28-A134951591E4}.Debug|Win32.Build.0 = Debug|Win32
		{97E2C9A5-51E9-4A25-BC28-A134951591E4}.Release|Win32.ActiveCfg = Release|Win32
		{97E2C9A5-51E9-4A25-BC28-A134951591E4}.Release|Win32.Build.0 = Release|Win32
		{A4676357-30F1-4291-A180-5D289A53DC5E}.Debug|Win32.ActiveCfg = Debug|Win32
		{A4676357-30F1-4291-A180-5D289A53DC5E}.Debug|Win32.Build.0 = Debug|Win32
		{A4676357-30F1-4291-A180-5D289A53DC5E}.Release|Win32.ActiveCfg = Release|Win32
		{A4676357-30F1-4291-A180-5D289A53DC5E}.Release|Win32.Build.0 = Release|Win32
		{90D1E21D-B586-4C59-8282-8576850FEB11}.Debug|Win32.ActiveCfg = Debug|Win32
		{90D1E21D-B586-4C59-8282-8576850FEB11}.Debug|Win32.Build.0 = Debug|Win32
		{90D1E21D-B586-4C59-8282-8576850FEB11}.Release|Win32.ActiveCfg = Release|Win32
		{90D1E21D-B586-4C59-8282-8576850FEB11}.Release|Win32.Build.0 = Release|Win32
		{810FF621-E75C-4D0A-86AE-3076B7ECD81D}.Debug|Win32.ActiveCfg = Debug|Win32
		{810FF621-E75C-4D0A-86AE-3076B7ECD81D}.Debug|Win32.Build.0 = Debug|Win32
		{810FF621-E75C-4D0A-86AE-3076B7ECD81D}.Release|Win32.ActiveCfg = Release|Win32
		{810FF621-E75C-4D0A-86AE-3076B7ECD81D}.Release|Win32.Build.0 = Release|Win32
		{01D4C581-8FA1-4940-93DF-80050FBEE4F0}.Debug|Win32.ActiveCfg = Debug|Win32
		{01D4C581-8FA1-4940-93DF-80050FBEE4F0}.Debug|Win32.Build.0 = Debug|Win32
		{01D4C581-8FA1-4940-93DF-80050FBEE4F0}.Release|Win32.ActiveCfg = Release|Win32
		{01D4C581-8FA1-4940-93DF-80050FBEE4F0}.Release|Win32.Build.0 = Release|Win32
		{05DE3D47-E0D0-421D-B9AA-5636C331B07C}.Debug|Win32.ActiveCfg = Debug|Win32
		{05DE3D47-E0D0-421D-B9AA-5636C331B07C}.Debug|Win32.Build.0 = Debug|Win32
		{05DE3D47-E0D0-421D-B9AA-5636C331B07C}.Release|Win32.ActiveCfg = Release|Win32
		{05DE3D47-E0D0-421D-B9AA-5636C331B07C}.Release|Win32.Build.0 = Release|Win32
		{45C08B52-F2CD-4D01-88F1-4B9EEC1C20F7}.Debug|Win32.ActiveCfg = Debug|Win32
		{45C08B52-F2CD-4D01-88F1-4B9EEC1C20F7}.Debug|Win32.Build.0 = Debug|Win32
		{45C08B52-F2CD-4D01-88F1-4B9EEC1C20F7}.Release|Win32.ActiveCfg = Release|Win32
		{45C08B52-F2CD-4D01-88F1-4B9EEC1C20F7}.Release|Win32.Build.0 = Release|Win32
		{14527581-A8E4-4589-845C-892CAE9DDB2A}.Debug|Win32.ActiveCfg = Debug|Win32
		{14527581-A8E4-4589-845C-892CAE9DDB2A}.Debug|Win32.Build.0 = Debug|Win32
		{14527581-A8E4-4589-845C-892CAE9DDB2A}.Release|Win32.ActiveCfg = Release|Win32
		{14527581-A8E4-4589-845C-892CAE9DDB2A}.Release|Win32.Build.0 = Release|Win32
		{BA6CC808-37AD-47E0-955C-8408FCE778BD}.Debug|Win32.ActiveCfg = Debug|Win32
		{BA6CC808-37AD-47E0-955C-8408FCE778BD}.Debug|Win32.Build.0 = Debug|Win32
		{BA6CC808-37AD-47E0-955C-8408FCE778BD}.Release|Win32.ActiveCfg = Release|Win32
		{BA6CC808-37AD-47E0-955C-8408FCE778BD}.Release|Win32.Build.0 = Release|Win32
		{F523B59E-98C3-4AB6-AFDE-05818E7B3D1F}.Debug|Win32.ActiveCfg = Debug|Win32
		{F523B59E-98C3-4AB6-AFDE-05818E7B3D1F}.Debug|Win32.Build.0 = Debug|Win32
		{F523B59E-98C3-4AB6-AFDE-05818E7B3D1F}.Release|Win32.ActiveCfg = Release|Win32
		{F523B59E-98C3-4AB6-AFDE-05818E7B3D1F}.Release|Win32.Build.0 = Release|Win32
		{790FC6DC-D939-4523-BF63-57757D16FC58}.Debug|Win32.ActiveCfg = Debug|Win32
		{790FC6DC-D939-4523-BF63-57757D16FC58}.Debug|Win32.Build.0 = Debug|Win32
		{790FC6DC-D939-4523-BF63-57757D16FC58}.Release|Win32.ActiveCfg = Release|Win32
		{790FC6DC-D939-4523-BF63-57757D16FC58}.Release|Win32.Build.0 = Release|Win32
		{62600E99-5FAE-4563-96CF-EF67CE91D2DA}.Debug|Win32.ActiveCfg = Debug|Win32
		{62600E99-5FAE-4563-96CF-EF67CE91D2DA}.Debug|Win32.Build.0 = Debug|Win32
		{62600E99-5FAE-4563-96CF-EF67CE91D2DA}.Release|Win32.ActiveCfg = Release|Win32
		{62600E99-5FAE-4563-96CF-EF67CE91D2DA}.Release|Win32.Build.0 = Release|Win32
	EndGlobalSection
	GlobalSection(ExtensibilityGlobals) = postSolution
	EndGlobalSection
	GlobalSection(ExtensibilityAddIns) = postSolution
	EndGlobalSection
EndGlobal
