Microsoft Visual Studio Solution File, Format Version 12.00
# Visual Studio 11
Project("{8BC9CEB8-8B4A-11D0-8D11-00A0C91BC942}") = "ALL_BUILD", "ALL_BUILD.vcxproj", "{E7C073A0-4534-44A7-9C21-2FE6EB203C4A}"
	ProjectSection(ProjectDependencies) = postProject
		{1F04DE46-218B-4B95-98C7-D29565885460} = {1F04DE46-218B-4B95-98C7-D29565885460}
		{A998D498-3E5A-4CC3-B033-EC6FD1EBDD49} = {A998D498-3E5A-4CC3-B033-EC6FD1EBDD49}
		{2ABD188E-FEE2-406D-8809-525A3B068BD1} = {2ABD188E-FEE2-406D-8809-525A3B068BD1}
		{22AC3C28-EFDC-4034-AF70-146A9E10A21A} = {22AC3C28-EFDC-4034-AF70-146A9E10A21A}
		{4FF398F5-0D05-44AD-BB18-E7AA0340756F} = {4FF398F5-0D05-44AD-BB18-E7AA0340756F}
		{2094E68F-11D7-4217-AABB-194CA4808936} = {2094E68F-11D7-4217-AABB-194CA4808936}
		{F41DC547-7848-41C6-A0BD-370F893AE67F} = {F41DC547-7848-41C6-A0BD-370F893AE67F}
		{47A5C5AC-C8C1-413A-87C3-2B91565A6A94} = {47A5C5AC-C8C1-413A-87C3-2B91565A6A94}
		{0CAA71EC-F948-4958-826F-4B753657B54E} = {0CAA71EC-F948-4958-826F-4B753657B54E}
		{FBD6210A-15FD-4456-A130-A671AC32CD6D} = {FBD6210A-15FD-4456-A130-A671AC32CD6D}
		{BCF7EAC1-0225-48DA-AFDA-016C631300D3} = {BCF7EAC1-0225-48DA-AFDA-016C631300D3}
		{6B6A83E0-84C6-42B2-BBA7-214C5BDC6B51} = {6B6A83E0-84C6-42B2-BBA7-214C5BDC6B51}
	EndProjectSection
EndProject
Project("{8BC9CEB8-8B4A-11D0-8D11-00A0C91BC942}") = "ZERO_CHECK", "ZERO_CHECK.vcxproj", "{1F04DE46-218B-4B95-98C7-D29565885460}"
	ProjectSection(ProjectDependencies) = postProject
	EndProjectSection
EndProject
Project("{8BC9CEB8-8B4A-11D0-8D11-00A0C91BC942}") = "latency", "pm_test\latency.vcxproj", "{A998D498-3E5A-4CC3-B033-EC6FD1EBDD49}"
	ProjectSection(ProjectDependencies) = postProject
		{1F04DE46-218B-4B95-98C7-D29565885460} = {1F04DE46-218B-4B95-98C7-D29565885460}
		{0CAA71EC-F948-4958-826F-4B753657B54E} = {0CAA71EC-F948-4958-826F-4B753657B54E}
	EndProjectSection
EndProject
Project("{8BC9CEB8-8B4A-11D0-8D11-00A0C91BC942}") = "midiclock", "pm_test\midiclock.vcxproj", "{2ABD188E-FEE2-406D-8809-525A3B068BD1}"
	ProjectSection(ProjectDependencies) = postProject
		{1F04DE46-218B-4B95-98C7-D29565885460} = {1F04DE46-218B-4B95-98C7-D29565885460}
		{0CAA71EC-F948-4958-826F-4B753657B54E} = {0CAA71EC-F948-4958-826F-4B753657B54E}
	EndProjectSection
EndProject
Project("{8BC9CEB8-8B4A-11D0-8D11-00A0C91BC942}") = "midithread", "pm_test\midithread.vcxproj", "{22AC3C28-EFDC-4034-AF70-146A9E10A21A}"
	ProjectSection(ProjectDependencies) = postProject
		{1F04DE46-218B-4B95-98C7-D29565885460} = {1F04DE46-218B-4B95-98C7-D29565885460}
		{0CAA71EC-F948-4958-826F-4B753657B54E} = {0CAA71EC-F948-4958-826F-4B753657B54E}
	EndProjectSection
EndProject
Project("{8BC9CEB8-8B4A-11D0-8D11-00A0C91BC942}") = "midithru", "pm_test\midithru.vcxproj", "{4FF398F5-0D05-44AD-BB18-E7AA0340756F}"
	ProjectSection(ProjectDependencies) = postProject
		{1F04DE46-218B-4B95-98C7-D29565885460} = {1F04DE46-218B-4B95-98C7-D29565885460}
		{0CAA71EC-F948-4958-826F-4B753657B54E} = {0CAA71EC-F948-4958-826F-4B753657B54E}
	EndProjectSection
EndProject
Project("{8BC9CEB8-8B4A-11D0-8D11-00A0C91BC942}") = "mm", "pm_test\mm.vcxproj", "{2094E68F-11D7-4217-AABB-194CA4808936}"
	ProjectSection(ProjectDependencies) = postProject
		{1F04DE46-218B-4B95-98C7-D29565885460} = {1F04DE46-218B-4B95-98C7-D29565885460}
		{0CAA71EC-F948-4958-826F-4B753657B54E} = {0CAA71EC-F948-4958-826F-4B753657B54E}
	EndProjectSection
EndProject
Project("{8BC9CEB8-8B4A-11D0-8D11-00A0C91BC942}") = "pmjni", "pm_common\pmjni.vcxproj", "{F41DC547-7848-41C6-A0BD-370F893AE67F}"
	ProjectSection(ProjectDependencies) = postProject
		{1F04DE46-218B-4B95-98C7-D29565885460} = {1F04DE46-218B-4B95-98C7-D29565885460}
	EndProjectSection
EndProject
Project("{8BC9CEB8-8B4A-11D0-8D11-00A0C91BC942}") = "portmidi-dynamic", "pm_dylib\portmidi-dynamic.vcxproj", "{47A5C5AC-C8C1-413A-87C3-2B91565A6A94}"
	ProjectSection(ProjectDependencies) = postProject
		{1F04DE46-218B-4B95-98C7-D29565885460} = {1F04DE46-218B-4B95-98C7-D29565885460}
	EndProjectSection
EndProject
Project("{8BC9CEB8-8B4A-11D0-8D11-00A0C91BC942}") = "portmidi-static", "pm_common\portmidi-static.vcxproj", "{0CAA71EC-F948-4958-826F-4B753657B54E}"
	ProjectSection(ProjectDependencies) = postProject
		{1F04DE46-218B-4B95-98C7-D29565885460} = {1F04DE46-218B-4B95-98C7-D29565885460}
	EndProjectSection
EndProject
Project("{8BC9CEB8-8B4A-11D0-8D11-00A0C91BC942}") = "qtest", "pm_test\qtest.vcxproj", "{FBD6210A-15FD-4456-A130-A671AC32CD6D}"
	ProjectSection(ProjectDependencies) = postProject
		{1F04DE46-218B-4B95-98C7-D29565885460} = {1F04DE46-218B-4B95-98C7-D29565885460}
		{0CAA71EC-F948-4958-826F-4B753657B54E} = {0CAA71EC-F948-4958-826F-4B753657B54E}
	EndProjectSection
EndProject
Project("{8BC9CEB8-8B4A-11D0-8D11-00A0C91BC942}") = "sysex", "pm_test\sysex.vcxproj", "{BCF7EAC1-0225-48DA-AFDA-016C631300D3}"
	ProjectSection(ProjectDependencies) = postProject
		{1F04DE46-218B-4B95-98C7-D29565885460} = {1F04DE46-218B-4B95-98C7-D29565885460}
		{0CAA71EC-F948-4958-826F-4B753657B54E} = {0CAA71EC-F948-4958-826F-4B753657B54E}
	EndProjectSection
EndProject
Project("{8BC9CEB8-8B4A-11D0-8D11-00A0C91BC942}") = "test", "pm_test\test.vcxproj", "{6B6A83E0-84C6-42B2-BBA7-214C5BDC6B51}"
	ProjectSection(ProjectDependencies) = postProject
		{1F04DE46-218B-4B95-98C7-D29565885460} = {1F04DE46-218B-4B95-98C7-D29565885460}
		{0CAA71EC-F948-4958-826F-4B753657B54E} = {0CAA71EC-F948-4958-826F-4B753657B54E}
	EndProjectSection
EndProject
Global
	GlobalSection(SolutionConfigurationPlatforms) = preSolution
		Debug|Win32 = Debug|Win32
		Release|Win32 = Release|Win32
	EndGlobalSection
	GlobalSection(ProjectConfigurationPlatforms) = postSolution
		{E7C073A0-4534-44A7-9C21-2FE6EB203C4A}.Debug|Win32.ActiveCfg = Debug|Win32
		{E7C073A0-4534-44A7-9C21-2FE6EB203C4A}.Release|Win32.ActiveCfg = Release|Win32
		{1F04DE46-218B-4B95-98C7-D29565885460}.Debug|Win32.ActiveCfg = Debug|Win32
		{1F04DE46-218B-4B95-98C7-D29565885460}.Debug|Win32.Build.0 = Debug|Win32
		{1F04DE46-218B-4B95-98C7-D29565885460}.Release|Win32.ActiveCfg = Release|Win32
		{1F04DE46-218B-4B95-98C7-D29565885460}.Release|Win32.Build.0 = Release|Win32
		{A998D498-3E5A-4CC3-B033-EC6FD1EBDD49}.Debug|Win32.ActiveCfg = Debug|Win32
		{A998D498-3E5A-4CC3-B033-EC6FD1EBDD49}.Debug|Win32.Build.0 = Debug|Win32
		{A998D498-3E5A-4CC3-B033-EC6FD1EBDD49}.Release|Win32.ActiveCfg = Release|Win32
		{A998D498-3E5A-4CC3-B033-EC6FD1EBDD49}.Release|Win32.Build.0 = Release|Win32
		{2ABD188E-FEE2-406D-8809-525A3B068BD1}.Debug|Win32.ActiveCfg = Debug|Win32
		{2ABD188E-FEE2-406D-8809-525A3B068BD1}.Debug|Win32.Build.0 = Debug|Win32
		{2ABD188E-FEE2-406D-8809-525A3B068BD1}.Release|Win32.ActiveCfg = Release|Win32
		{2ABD188E-FEE2-406D-8809-525A3B068BD1}.Release|Win32.Build.0 = Release|Win32
		{22AC3C28-EFDC-4034-AF70-146A9E10A21A}.Debug|Win32.ActiveCfg = Debug|Win32
		{22AC3C28-EFDC-4034-AF70-146A9E10A21A}.Debug|Win32.Build.0 = Debug|Win32
		{22AC3C28-EFDC-4034-AF70-146A9E10A21A}.Release|Win32.ActiveCfg = Release|Win32
		{22AC3C28-EFDC-4034-AF70-146A9E10A21A}.Release|Win32.Build.0 = Release|Win32
		{4FF398F5-0D05-44AD-BB18-E7AA0340756F}.Debug|Win32.ActiveCfg = Debug|Win32
		{4FF398F5-0D05-44AD-BB18-E7AA0340756F}.Debug|Win32.Build.0 = Debug|Win32
		{4FF398F5-0D05-44AD-BB18-E7AA0340756F}.Release|Win32.ActiveCfg = Release|Win32
		{4FF398F5-0D05-44AD-BB18-E7AA0340756F}.Release|Win32.Build.0 = Release|Win32
		{2094E68F-11D7-4217-AABB-194CA4808936}.Debug|Win32.ActiveCfg = Debug|Win32
		{2094E68F-11D7-4217-AABB-194CA4808936}.Debug|Win32.Build.0 = Debug|Win32
		{2094E68F-11D7-4217-AABB-194CA4808936}.Release|Win32.ActiveCfg = Release|Win32
		{2094E68F-11D7-4217-AABB-194CA4808936}.Release|Win32.Build.0 = Release|Win32
		{F41DC547-7848-41C6-A0BD-370F893AE67F}.Debug|Win32.ActiveCfg = Debug|Win32
		{F41DC547-7848-41C6-A0BD-370F893AE67F}.Debug|Win32.Build.0 = Debug|Win32
		{F41DC547-7848-41C6-A0BD-370F893AE67F}.Release|Win32.ActiveCfg = Release|Win32
		{F41DC547-7848-41C6-A0BD-370F893AE67F}.Release|Win32.Build.0 = Release|Win32
		{47A5C5AC-C8C1-413A-87C3-2B91565A6A94}.Debug|Win32.ActiveCfg = Debug|Win32
		{47A5C5AC-C8C1-413A-87C3-2B91565A6A94}.Debug|Win32.Build.0 = Debug|Win32
		{47A5C5AC-C8C1-413A-87C3-2B91565A6A94}.Release|Win32.ActiveCfg = Release|Win32
		{47A5C5AC-C8C1-413A-87C3-2B91565A6A94}.Release|Win32.Build.0 = Release|Win32
		{0CAA71EC-F948-4958-826F-4B753657B54E}.Debug|Win32.ActiveCfg = Debug|Win32
		{0CAA71EC-F948-4958-826F-4B753657B54E}.Debug|Win32.Build.0 = Debug|Win32
		{0CAA71EC-F948-4958-826F-4B753657B54E}.Release|Win32.ActiveCfg = Release|Win32
		{0CAA71EC-F948-4958-826F-4B753657B54E}.Release|Win32.Build.0 = Release|Win32
		{FBD6210A-15FD-4456-A130-A671AC32CD6D}.Debug|Win32.ActiveCfg = Debug|Win32
		{FBD6210A-15FD-4456-A130-A671AC32CD6D}.Debug|Win32.Build.0 = Debug|Win32
		{FBD6210A-15FD-4456-A130-A671AC32CD6D}.Release|Win32.ActiveCfg = Release|Win32
		{FBD6210A-15FD-4456-A130-A671AC32CD6D}.Release|Win32.Build.0 = Release|Win32
		{BCF7EAC1-0225-48DA-AFDA-016C631300D3}.Debug|Win32.ActiveCfg = Debug|Win32
		{BCF7EAC1-0225-48DA-AFDA-016C631300D3}.Debug|Win32.Build.0 = Debug|Win32
		{BCF7EAC1-0225-48DA-AFDA-016C631300D3}.Release|Win32.ActiveCfg = Release|Win32
		{BCF7EAC1-0225-48DA-AFDA-016C631300D3}.Release|Win32.Build.0 = Release|Win32
		{6B6A83E0-84C6-42B2-BBA7-214C5BDC6B51}.Debug|Win32.ActiveCfg = Debug|Win32
		{6B6A83E0-84C6-42B2-BBA7-214C5BDC6B51}.Debug|Win32.Build.0 = Debug|Win32
		{6B6A83E0-84C6-42B2-BBA7-214C5BDC6B51}.Release|Win32.ActiveCfg = Release|Win32
		{6B6A83E0-84C6-42B2-BBA7-214C5BDC6B51}.Release|Win32.Build.0 = Release|Win32
	EndGlobalSection
	GlobalSection(ExtensibilityGlobals) = postSolution
	EndGlobalSection
	GlobalSection(ExtensibilityAddIns) = postSolution
	EndGlobalSection
EndGlobal
